
Microsoft Visual Studio Solution File, Format Version 12.00
# Visual Studio 15
VisualStudioVersion = 15.0.28010.2036
MinimumVisualStudioVersion = 10.0.40219.1
Project("{888888A0-9F3D-457C-B088-3A5042F75D52}") = "Brymen869", "Brymen869.pyproj", "{B125A80A-3A8B-4B8E-B246-47731ACCCA84}"
EndProject
Global
	GlobalSection(SolutionConfigurationPlatforms) = preSolution
		Debug|Any CPU = Debug|Any CPU
		Release|Any CPU = Release|Any CPU
	EndGlobalSection
	GlobalSection(ProjectConfigurationPlatforms) = postSolution
		{B125A80A-3A8B-4B8E-B246-47731ACCCA84}.Debug|Any CPU.ActiveCfg = Debug|Any CPU
		{B125A80A-3A8B-4B8E-B246-47731ACCCA84}.Release|Any CPU.ActiveCfg = Release|Any CPU
	EndGlobalSection
	GlobalSection(SolutionProperties) = preSolution
		HideSolutionNode = FALSE
	EndGlobalSection
	GlobalSection(ExtensibilityGlobals) = postSolution
		SolutionGuid = {AFA34A56-520D-41C2-B7B2-00537DBF19A8}
	EndGlobalSection
EndGlobal
